{
  "lockfileVersion": 1,
  "workspaces": {
    "": {
      "dependencies": {
        "@opencode-ai/plugin": "0.15.2",
      },
    },
  },
  "packages": {
    "@opencode-ai/plugin": ["@opencode-ai/plugin@0.15.2", "", { "dependencies": { "@opencode-ai/sdk": "0.15.2", "zod": "4.1.8" } }, "sha512-cCttqxDou+OPQzjc20cB4xxuSMMSowZMpvlioIgyzyhp8B7Gc5hh1kY796nly7vjaQfUcLg8pOmRJSLrbxj98g=="],

    "@opencode-ai/sdk": ["@opencode-ai/sdk@0.15.2", "", {}, "sha512-m2aU0TiZj7/o1JvYmoqF7ichrKZcWi4UTx3WYlDXpRJvfZX0gnLKLJAlTKfHkisytGlrlgmST2kt/YQrAjc0wQ=="],

    "zod": ["zod@4.1.8", "", {}, "sha512-5R1P+WwQqmmMIEACyzSvo4JXHY5WiAFHRMg+zBZKgKS+Q1viRa0C1hmUKtHltoIFKtIdki3pRxkmpP74jnNYHQ=="],
  }
}
