{
  "lockfileVersion": 1,
  "workspaces": {
    "": {
      "dependencies": {
        "@opencode-ai/plugin": "1.0.44",
      },
    },
  },
  "packages": {
    "@opencode-ai/plugin": ["@opencode-ai/plugin@1.0.44", "", { "dependencies": { "@opencode-ai/sdk": "1.0.44", "zod": "4.1.8" } }, "sha512-Y8INe1Lab46JFSoTJ3HJqKpeZ5IKhh0yAbbFY7Cf9WS8dNUhrTJuY6fTb0fTA5DmZfBYJLbViz7d2CecXqFnJA=="],

    "@opencode-ai/sdk": ["@opencode-ai/sdk@1.0.44", "", {}, "sha512-u4EZzScuRjqzcKmMj7PshxPy32LPAwctRTF83how5x43HeXQt9GUXiD0D4UOoZxcQktG6CKoXboOsgxrO/RMbw=="],

    "zod": ["zod@4.1.8", "", {}, "sha512-5R1P+WwQqmmMIEACyzSvo4JXHY5WiAFHRMg+zBZKgKS+Q1viRa0C1hmUKtHltoIFKtIdki3pRxkmpP74jnNYHQ=="],
  }
}
